{
  "name": "jsonlang",
  "version": "1.0.0",
  "lockfileVersion": 3,
  "requires": true,
  "packages": {
    "": {
      "name": "jsonlang",
      "version": "1.0.0",
      "license": "ISC",
      "dependencies": {
        "es": "^0.8.0",
        "fs": "^0.0.1-security",
        "lodash": "^4.17.21"
      }
    },
    "node_modules/@babel/runtime-corejs3": {
      "version": "7.23.5",
      "resolved": "https://registry.npmjs.org/@babel/runtime-corejs3/-/runtime-corejs3-7.23.5.tgz",
      "integrity": "sha512-7+ziVclejQTLYhXl+Oi1f6gTGD1XDCeLa4R472TNGQxb08zbEJ0OdNoh5Piz+57Ltmui6xR88BXR4gS3/Toslw==",
      "dependencies": {
        "core-js-pure": "^3.30.2",
        "regenerator-runtime": "^0.14.0"
      },
      "engines": {
        "node": ">=6.9.0"
      }
    },
    "node_modules/core-js-pure": {
      "version": "3.33.3",
      "resolved": "https://registry.npmjs.org/core-js-pure/-/core-js-pure-3.33.3.tgz",
      "integrity": "sha512-taJ00IDOP+XYQEA2dAe4ESkmHt1fL8wzYDo3mRWQey8uO9UojlBFMneA65kMyxfYP7106c6LzWaq7/haDT6BCQ==",
      "hasInstallScript": true,
      "funding": {
        "type": "opencollective",
        "url": "https://opencollective.com/core-js"
      }
    },
    "node_modules/es": {
      "version": "0.8.0",
      "resolved": "https://registry.npmjs.org/es/-/es-0.8.0.tgz",
      "integrity": "sha512-v2tAXZCtqh6NbWUr+5KLYmvYa5O0fZNcn4AZYFtkTx6aEunEW7OdbtVe60ROaOEEapHGvjXdTvnrh34HxLDGvQ==",
      "dependencies": {
        "@babel/runtime-corejs3": "^7.14.7",
        "reqlib": "^1.0.13"
      },
      "engines": {
        "node": ">= 6.0"
      }
    },
    "node_modules/fs": {
      "version": "0.0.1-security",
      "resolved": "https://registry.npmjs.org/fs/-/fs-0.0.1-security.tgz",
      "integrity": "sha512-3XY9e1pP0CVEUCdj5BmfIZxRBTSDycnbqhIOGec9QYtmVH2fbLpj86CFWkrNOkt/Fvty4KZG5lTglL9j/gJ87w=="
    },
    "node_modules/lodash": {
      "version": "4.17.21",
      "resolved": "https://registry.npmjs.org/lodash/-/lodash-4.17.21.tgz",
      "integrity": "sha512-v2kDEe57lecTulaDIuNTPy3Ry4gLGJ6Z1O3vE1krgXZNrsQ+LFTGHVxVjcXPs17LhbZVGedAJv8XZ1tvj5FvSg=="
    },
    "node_modules/regenerator-runtime": {
      "version": "0.14.0",
      "resolved": "https://registry.npmjs.org/regenerator-runtime/-/regenerator-runtime-0.14.0.tgz",
      "integrity": "sha512-srw17NI0TUWHuGa5CFGGmhfNIeja30WMBfbslPNhf6JrqQlLN5gcrvig1oqPxiVaXb0oW0XRKtH6Nngs5lKCIA=="
    },
    "node_modules/reqlib": {
      "version": "1.0.13",
      "resolved": "https://registry.npmjs.org/reqlib/-/reqlib-1.0.13.tgz",
      "integrity": "sha512-rOTp+ANgEDlfMAjN9/0DV2b5Jkx4eD8F/jsWSOphrXzhV8zSiLOKifDXDUOTgxFjlARnUDsUCiL3FKGC6Irm7g==",
      "dependencies": {
        "@babel/runtime-corejs3": "^7.14.7"
      }
    }
  }
}
